
Microsoft Visual Studio Solution File, Format Version 12.00
# Visual Studio 15
VisualStudioVersion = 15.0.28010.2050
MinimumVisualStudioVersion = 10.0.40219.1
Project("{FAE04EC0-301F-11D3-BF4B-00C04F79EFBC}") = "Task3", "Task3\Task3.csproj", "{0AF13609-D8E8-4157-85B9-1CBFD16FF294}"
EndProject
Global
	GlobalSection(SolutionConfigurationPlatforms) = preSolution
		Debug|Any CPU = Debug|Any CPU
		Release|Any CPU = Release|Any CPU
	EndGlobalSection
	GlobalSection(ProjectConfigurationPlatforms) = postSolution
		{0AF13609-D8E8-4157-85B9-1CBFD16FF294}.Debug|Any CPU.ActiveCfg = Debug|x86
		{0AF13609-D8E8-4157-85B9-1CBFD16FF294}.Debug|Any CPU.Build.0 = Debug|x86
		{0AF13609-D8E8-4157-85B9-1CBFD16FF294}.Release|Any CPU.ActiveCfg = Release|Any CPU
		{0AF13609-D8E8-4157-85B9-1CBFD16FF294}.Release|Any CPU.Build.0 = Release|Any CPU
	EndGlobalSection
	GlobalSection(SolutionProperties) = preSolution
		HideSolutionNode = FALSE
	EndGlobalSection
	GlobalSection(ExtensibilityGlobals) = postSolution
		SolutionGuid = {2493C69B-90A2-41CD-A45D-085C8BA1BF00}
	EndGlobalSection
EndGlobal
