
Microsoft Visual Studio Solution File, Format Version 12.00
# Visual Studio 15
VisualStudioVersion = 15.0.28307.136
MinimumVisualStudioVersion = 10.0.40219.1
Project("{FAE04EC0-301F-11D3-BF4B-00C04F79EFBC}") = "Task4", "Task4\Task4.csproj", "{2B313330-45A3-40DF-B8A1-1CBAA0277FC4}"
EndProject
Project("{FAE04EC0-301F-11D3-BF4B-00C04F79EFBC}") = "task4Test", "task4Test\task4Test.csproj", "{93DB7F3F-AAE6-4CAC-8E91-3CCB1BC332BF}"
EndProject
Global
	GlobalSection(SolutionConfigurationPlatforms) = preSolution
		Debug|Any CPU = Debug|Any CPU
		Release|Any CPU = Release|Any CPU
	EndGlobalSection
	GlobalSection(ProjectConfigurationPlatforms) = postSolution
		{2B313330-45A3-40DF-B8A1-1CBAA0277FC4}.Debug|Any CPU.ActiveCfg = Debug|Any CPU
		{2B313330-45A3-40DF-B8A1-1CBAA0277FC4}.Debug|Any CPU.Build.0 = Debug|Any CPU
		{2B313330-45A3-40DF-B8A1-1CBAA0277FC4}.Release|Any CPU.ActiveCfg = Release|Any CPU
		{2B313330-45A3-40DF-B8A1-1CBAA0277FC4}.Release|Any CPU.Build.0 = Release|Any CPU
		{93DB7F3F-AAE6-4CAC-8E91-3CCB1BC332BF}.Debug|Any CPU.ActiveCfg = Debug|Any CPU
		{93DB7F3F-AAE6-4CAC-8E91-3CCB1BC332BF}.Debug|Any CPU.Build.0 = Debug|Any CPU
		{93DB7F3F-AAE6-4CAC-8E91-3CCB1BC332BF}.Release|Any CPU.ActiveCfg = Release|Any CPU
		{93DB7F3F-AAE6-4CAC-8E91-3CCB1BC332BF}.Release|Any CPU.Build.0 = Release|Any CPU
	EndGlobalSection
	GlobalSection(SolutionProperties) = preSolution
		HideSolutionNode = FALSE
	EndGlobalSection
	GlobalSection(ExtensibilityGlobals) = postSolution
		SolutionGuid = {3F70EDE8-5A79-4BD9-A708-D9A15B8D2D44}
	EndGlobalSection
EndGlobal
