
Microsoft Visual Studio Solution File, Format Version 12.00
# Visual Studio 15
VisualStudioVersion = 15.0.28010.2046
MinimumVisualStudioVersion = 10.0.40219.1
Project("{FAE04EC0-301F-11D3-BF4B-00C04F79EFBC}") = "Pentagon", "Pentagon\Pentagon.csproj", "{C2F200CB-BF47-4DCA-A744-9BABBB503C6F}"
EndProject
Project("{2150E333-8FDC-42A3-9474-1A3956D46DE8}") = "Solution Items", "Solution Items", "{F7D22E40-F338-437E-89F4-E62A5D2B446B}"
EndProject
Project("{FAE04EC0-301F-11D3-BF4B-00C04F79EFBC}") = "PentagonTest", "PentagonTest\PentagonTest.csproj", "{412F8BFC-0245-4BFF-8A03-C2E5F28CF7DB}"
EndProject
Global
	GlobalSection(SolutionConfigurationPlatforms) = preSolution
		Debug|Any CPU = Debug|Any CPU
		Release|Any CPU = Release|Any CPU
	EndGlobalSection
	GlobalSection(ProjectConfigurationPlatforms) = postSolution
		{C2F200CB-BF47-4DCA-A744-9BABBB503C6F}.Debug|Any CPU.ActiveCfg = Debug|Any CPU
		{C2F200CB-BF47-4DCA-A744-9BABBB503C6F}.Debug|Any CPU.Build.0 = Debug|Any CPU
		{C2F200CB-BF47-4DCA-A744-9BABBB503C6F}.Release|Any CPU.ActiveCfg = Release|Any CPU
		{C2F200CB-BF47-4DCA-A744-9BABBB503C6F}.Release|Any CPU.Build.0 = Release|Any CPU
		{412F8BFC-0245-4BFF-8A03-C2E5F28CF7DB}.Debug|Any CPU.ActiveCfg = Debug|Any CPU
		{412F8BFC-0245-4BFF-8A03-C2E5F28CF7DB}.Debug|Any CPU.Build.0 = Debug|Any CPU
		{412F8BFC-0245-4BFF-8A03-C2E5F28CF7DB}.Release|Any CPU.ActiveCfg = Release|Any CPU
		{412F8BFC-0245-4BFF-8A03-C2E5F28CF7DB}.Release|Any CPU.Build.0 = Release|Any CPU
	EndGlobalSection
	GlobalSection(SolutionProperties) = preSolution
		HideSolutionNode = FALSE
	EndGlobalSection
	GlobalSection(ExtensibilityGlobals) = postSolution
		SolutionGuid = {987DBC8C-E6C2-401F-A1B9-FC1581B9A959}
	EndGlobalSection
EndGlobal
